
Microsoft Visual Studio Solution File, Format Version 12.00
# Visual Studio 15
VisualStudioVersion = 15.0.26730.8
MinimumVisualStudioVersion = 10.0.40219.1
Project("{FAE04EC0-301F-11D3-BF4B-00C04F79EFBC}") = "DragonBallSocket_Server", "DragonBallSocket_Server\DragonBallSocket_Server.csproj", "{416DCDE5-24BE-4A41-8E72-47AC7BA92338}"
EndProject
Global
	GlobalSection(SolutionConfigurationPlatforms) = preSolution
		Debug|Any CPU = Debug|Any CPU
		Release|Any CPU = Release|Any CPU
	EndGlobalSection
	GlobalSection(ProjectConfigurationPlatforms) = postSolution
		{416DCDE5-24BE-4A41-8E72-47AC7BA92338}.Debug|Any CPU.ActiveCfg = Debug|Any CPU
		{416DCDE5-24BE-4A41-8E72-47AC7BA92338}.Debug|Any CPU.Build.0 = Debug|Any CPU
		{416DCDE5-24BE-4A41-8E72-47AC7BA92338}.Release|Any CPU.ActiveCfg = Release|Any CPU
		{416DCDE5-24BE-4A41-8E72-47AC7BA92338}.Release|Any CPU.Build.0 = Release|Any CPU
	EndGlobalSection
	GlobalSection(SolutionProperties) = preSolution
		HideSolutionNode = FALSE
	EndGlobalSection
	GlobalSection(ExtensibilityGlobals) = postSolution
		SolutionGuid = {26E04709-F14B-4A85-BD21-30EDF2A82C29}
	EndGlobalSection
EndGlobal
